
Microsoft Visual Studio Solution File, Format Version 12.00
# Visual Studio 14
VisualStudioVersion = 14.0.25420.1
MinimumVisualStudioVersion = 10.0.40219.1
Project("{FAE04EC0-301F-11D3-BF4B-00C04F79EFBC}") = "ApplicationLogic", "ApplicationLogic\ApplicationLogic.csproj", "{B3A98DDC-B955-49DC-A5B1-E5FF735AC144}"
EndProject
Project("{FAE04EC0-301F-11D3-BF4B-00C04F79EFBC}") = "Contracts", "Contracts\Contracts.csproj", "{9DD7F82F-BECA-4DDB-86BB-59410E4518E3}"
EndProject
Project("{FAE04EC0-301F-11D3-BF4B-00C04F79EFBC}") = "ApplicationGUI", "ApplicationGUI\ApplicationGUI.csproj", "{A1786967-21B3-49E2-893C-68B603FF4497}"
EndProject
Project("{FAE04EC0-301F-11D3-BF4B-00C04F79EFBC}") = "Model", "Model\Model.csproj", "{B66ACFEB-8F97-4485-A94A-9B30BE325CAB}"
EndProject
Global
	GlobalSection(SolutionConfigurationPlatforms) = preSolution
		Debug|Any CPU = Debug|Any CPU
		Release|Any CPU = Release|Any CPU
	EndGlobalSection
	GlobalSection(ProjectConfigurationPlatforms) = postSolution
		{B3A98DDC-B955-49DC-A5B1-E5FF735AC144}.Debug|Any CPU.ActiveCfg = Debug|Any CPU
		{B3A98DDC-B955-49DC-A5B1-E5FF735AC144}.Debug|Any CPU.Build.0 = Debug|Any CPU
		{B3A98DDC-B955-49DC-A5B1-E5FF735AC144}.Release|Any CPU.ActiveCfg = Release|Any CPU
		{B3A98DDC-B955-49DC-A5B1-E5FF735AC144}.Release|Any CPU.Build.0 = Release|Any CPU
		{9DD7F82F-BECA-4DDB-86BB-59410E4518E3}.Debug|Any CPU.ActiveCfg = Debug|Any CPU
		{9DD7F82F-BECA-4DDB-86BB-59410E4518E3}.Debug|Any CPU.Build.0 = Debug|Any CPU
		{9DD7F82F-BECA-4DDB-86BB-59410E4518E3}.Release|Any CPU.ActiveCfg = Release|Any CPU
		{9DD7F82F-BECA-4DDB-86BB-59410E4518E3}.Release|Any CPU.Build.0 = Release|Any CPU
		{A1786967-21B3-49E2-893C-68B603FF4497}.Debug|Any CPU.ActiveCfg = Debug|Any CPU
		{A1786967-21B3-49E2-893C-68B603FF4497}.Debug|Any CPU.Build.0 = Debug|Any CPU
		{A1786967-21B3-49E2-893C-68B603FF4497}.Release|Any CPU.ActiveCfg = Release|Any CPU
		{A1786967-21B3-49E2-893C-68B603FF4497}.Release|Any CPU.Build.0 = Release|Any CPU
		{B66ACFEB-8F97-4485-A94A-9B30BE325CAB}.Debug|Any CPU.ActiveCfg = Debug|Any CPU
		{B66ACFEB-8F97-4485-A94A-9B30BE325CAB}.Debug|Any CPU.Build.0 = Debug|Any CPU
		{B66ACFEB-8F97-4485-A94A-9B30BE325CAB}.Release|Any CPU.ActiveCfg = Release|Any CPU
		{B66ACFEB-8F97-4485-A94A-9B30BE325CAB}.Release|Any CPU.Build.0 = Release|Any CPU
	EndGlobalSection
	GlobalSection(SolutionProperties) = preSolution
		HideSolutionNode = FALSE
	EndGlobalSection
EndGlobal
